name: bhm-at-scale
channels:
  - defaults
dependencies:
  - appnope=0.1.0
  - argon2-cffi=20.1.0
  - async_generator=1.10
  - attrs=20.2.0
  - backcall=0.2.0
  - blas=1.0
  - bleach=3.2.1
  - brotlipy=0.7.0
  - ca-certificates=2020.7.22
  - certifi=2020.6.20
  - cffi=1.14.3
  - chardet=3.0.4
  - cryptography=3.1.1
  - cycler=0.10.0
  - decorator=4.4.2
  - defusedxml=0.6.0
  - entrypoints=0.3
  - freetype=2.10.2
  - idna=2.10
  - importlib-metadata=1.7.0
  - importlib_metadata=1.7.0
  - intel-openmp=2019.4
  - ipykernel=5.3.4
  - ipython=7.18.1
  - ipython_genutils=0.2.0
  - jedi=0.17.2
  - jinja2=2.11.2
  - joblib=0.16.0
  - jpeg=9b
  - json5=0.9.5
  - jsonschema=3.2.0
  - jupyter_client=6.1.6
  - jupyter_core=4.6.3
  - jupyterlab=2.2.6
  - jupyterlab_pygments=0.1.1
  - jupyterlab_server=1.2.0
  - kiwisolver=1.2.0
  - lcms2=2.11
  - libcxx=10.0.0
  - libedit=3.1.20191231
  - libffi=3.3
  - libgfortran=3.0.1
  - libpng=1.6.37
  - libsodium=1.0.18
  - libtiff=4.1.0
  - llvm-openmp=10.0.0
  - lz4-c=1.9.2
  - markupsafe=1.1.1
  - matplotlib=3.3.1
  - matplotlib-base=3.3.1
  - mistune=0.8.4
  - mkl=2019.4
  - mkl-service=2.3.0
  - mkl_fft=1.2.0
  - mkl_random=1.1.1
  - nbclient=0.5.0
  - nbconvert=6.0.6
  - nbformat=5.0.7
  - ncurses=6.2
  - nest-asyncio=1.4.0
  - notebook=6.1.1
  - numpy=1.19.1
  - numpy-base=1.19.1
  - olefile=0.46
  - openssl=1.1.1h
  - packaging=20.4
  - pandas=1.1.1
  - pandoc=2.10.1
  - pandocfilters=1.4.2
  - parso=0.7.0
  - pexpect=4.8.0
  - pickleshare=0.7.5
  - pillow=7.2.0
  - pip=20.2.2
  - prometheus_client=0.8.0
  - prompt-toolkit=3.0.7
  - ptyprocess=0.6.0
  - pycparser=2.20
  - pygments=2.7.1
  - pyopenssl=19.1.0
  - pyparsing=2.4.7
  - pyrsistent=0.17.3
  - pysocks=1.7.1
  - python=3.8.5
  - python-dateutil=2.8.1
  - pytz=2020.1
  - pyzmq=19.0.2
  - readline=8.0
  - requests=2.24.0
  - scikit-learn=0.23.2
  - scipy=1.5.0
  - seaborn=0.11.0
  - send2trash=1.5.0
  - setuptools=49.6.0
  - six=1.15.0
  - sqlite=3.33.0
  - terminado=0.8.3
  - testpath=0.4.4
  - threadpoolctl=2.1.0
  - tk=8.6.10
  - tornado=6.0.4
  - traitlets=5.0.4
  - wcwidth=0.2.5
  - webencodings=0.5.1
  - wheel=0.35.1
  - xz=5.2.5
  - zeromq=4.3.2
  - zipp=3.1.0
  - zlib=1.2.11
  - zstd=1.4.5
  - pip:
    - absl-py==0.10.0
    - daft==0.1.0
    - jax==0.2.0
    - jaxlib==0.1.55
    - kaggle==1.5.8
    - numpyro==0.3.0
    - opt-einsum==3.3.0
    - python-slugify==4.0.1
    - slugify==0.0.1
    - text-unidecode==1.3
    - tqdm==4.49.0
    - urllib3==1.24.3
prefix: /Users/fwilhelm/.miniconda3/envs/bhm-at-scale
